
Microsoft Visual Studio Solution File, Format Version 12.00
# Visual Studio Version 17
VisualStudioVersion = 17.13.35913.81
MinimumVisualStudioVersion = 10.0.40219.1
Project("{FAE04EC0-301F-11D3-BF4B-00C04F79EFBC}") = "Trianing_App", "Trianing_App\Trianing_App.csproj", "{185A4892-CCA5-4EC8-BD12-C3EF58EC80B6}"
EndProject
Project("{FAE04EC0-301F-11D3-BF4B-00C04F79EFBC}") = "DAL", "DAL\DAL.csproj", "{413C8DB8-1759-4373-BC8E-61F6A5EAD5E6}"
EndProject
Project("{FAE04EC0-301F-11D3-BF4B-00C04F79EFBC}") = "Training_App.Tests", "Training_App.Test1\Training_App.Tests.csproj", "{01CF0549-68EB-4D7C-8660-4A3E65A1E58E}"
EndProject
Global
	GlobalSection(SolutionConfigurationPlatforms) = preSolution
		Debug|Any CPU = Debug|Any CPU
		Release|Any CPU = Release|Any CPU
	EndGlobalSection
	GlobalSection(ProjectConfigurationPlatforms) = postSolution
		{185A4892-CCA5-4EC8-BD12-C3EF58EC80B6}.Debug|Any CPU.ActiveCfg = Debug|Any CPU
		{185A4892-CCA5-4EC8-BD12-C3EF58EC80B6}.Debug|Any CPU.Build.0 = Debug|Any CPU
		{185A4892-CCA5-4EC8-BD12-C3EF58EC80B6}.Release|Any CPU.ActiveCfg = Release|Any CPU
		{185A4892-CCA5-4EC8-BD12-C3EF58EC80B6}.Release|Any CPU.Build.0 = Release|Any CPU
		{413C8DB8-1759-4373-BC8E-61F6A5EAD5E6}.Debug|Any CPU.ActiveCfg = Debug|Any CPU
		{413C8DB8-1759-4373-BC8E-61F6A5EAD5E6}.Debug|Any CPU.Build.0 = Debug|Any CPU
		{413C8DB8-1759-4373-BC8E-61F6A5EAD5E6}.Release|Any CPU.ActiveCfg = Release|Any CPU
		{413C8DB8-1759-4373-BC8E-61F6A5EAD5E6}.Release|Any CPU.Build.0 = Release|Any CPU
		{01CF0549-68EB-4D7C-8660-4A3E65A1E58E}.Debug|Any CPU.ActiveCfg = Debug|Any CPU
		{01CF0549-68EB-4D7C-8660-4A3E65A1E58E}.Debug|Any CPU.Build.0 = Debug|Any CPU
		{01CF0549-68EB-4D7C-8660-4A3E65A1E58E}.Release|Any CPU.ActiveCfg = Release|Any CPU
		{01CF0549-68EB-4D7C-8660-4A3E65A1E58E}.Release|Any CPU.Build.0 = Release|Any CPU
	EndGlobalSection
	GlobalSection(SolutionProperties) = preSolution
		HideSolutionNode = FALSE
	EndGlobalSection
	GlobalSection(ExtensibilityGlobals) = postSolution
		SolutionGuid = {D7C59DF5-6F51-4010-8463-5EB8BA375274}
	EndGlobalSection
EndGlobal
